// !$*UTF8*$!
{
	archiveVersion = 1;
	classes = {
	};
	objectVersion = 46;
	objects = {

/* Begin PBXBuildFile section */
		8E837D2A1B5F45F200A076CC /* AppDelegate.swift in Sources */ = {isa = PBXBuildFile; fileRef = 8E837D291B5F45F200A076CC /* AppDelegate.swift */; };
		8E837D2D1B5F45F200A076CC /* Oryx.xcdatamodeld in Sources */ = {isa = PBXBuildFile; fileRef = 8E837D2B1B5F45F200A076CC /* Oryx.xcdatamodeld */; };
		8E837D321B5F45F200A076CC /* Main.storyboard in Resources */ = {isa = PBXBuildFile; fileRef = 8E837D301B5F45F200A076CC /* Main.storyboard */; };
		8E837D341B5F45F200A076CC /* Images.xcassets in Resources */ = {isa = PBXBuildFile; fileRef = 8E837D331B5F45F200A076CC /* Images.xcassets */; };
		8E837D371B5F45F200A076CC /* LaunchScreen.xib in Resources */ = {isa = PBXBuildFile; fileRef = 8E837D351B5F45F200A076CC /* LaunchScreen.xib */; };
		8E837D431B5F45F200A076CC /* OryxTests.swift in Sources */ = {isa = PBXBuildFile; fileRef = 8E837D421B5F45F200A076CC /* OryxTests.swift */; };
		8E837D4D1B5F465500A076CC /* FeedViewController.swift in Sources */ = {isa = PBXBuildFile; fileRef = 8E837D4C1B5F465500A076CC /* FeedViewController.swift */; };
		8E837D4F1B5F4A2600A076CC /* FeedTableViewCell.swift in Sources */ = {isa = PBXBuildFile; fileRef = 8E837D4E1B5F4A2600A076CC /* FeedTableViewCell.swift */; };
		8E837D511B5F5C8C00A076CC /* EventModel.swift in Sources */ = {isa = PBXBuildFile; fileRef = 8E837D501B5F5C8C00A076CC /* EventModel.swift */; };
		8E837D531B5F658D00A076CC /* EventDetailViewController.swift in Sources */ = {isa = PBXBuildFile; fileRef = 8E837D521B5F658D00A076CC /* EventDetailViewController.swift */; };
/* End PBXBuildFile section */

/* Begin PBXContainerItemProxy section */
		8E837D3D1B5F45F200A076CC /* PBXContainerItemProxy */ = {
			isa = PBXContainerItemProxy;
			containerPortal = 8E837D1C1B5F45F200A076CC /* Project object */;
			proxyType = 1;
			remoteGlobalIDString = 8E837D231B5F45F200A076CC;
			remoteInfo = Oryx;
		};
/* End PBXContainerItemProxy section */

/* Begin PBXFileReference section */
		8E837D241B5F45F200A076CC /* Oryx.app */ = {isa = PBXFileReference; explicitFileType = wrapper.application; includeInIndex = 0; path = Oryx.app; sourceTree = BUILT_PRODUCTS_DIR; };
		8E837D281B5F45F200A076CC /* Info.plist */ = {isa = PBXFileReference; lastKnownFileType = text.plist.xml; path = Info.plist; sourceTree = "<group>"; };
		8E837D291B5F45F200A076CC /* AppDelegate.swift */ = {isa = PBXFileReference; lastKnownFileType = sourcecode.swift; path = AppDelegate.swift; sourceTree = "<group>"; };
		8E837D2C1B5F45F200A076CC /* Oryx.xcdatamodel */ = {isa = PBXFileReference; lastKnownFileType = wrapper.xcdatamodel; path = Oryx.xcdatamodel; sourceTree = "<group>"; };
		8E837D311B5F45F200A076CC /* Base */ = {isa = PBXFileReference; lastKnownFileType = file.storyboard; name = Base; path = Base.lproj/Main.storyboard; sourceTree = "<group>"; };
		8E837D331B5F45F200A076CC /* Images.xcassets */ = {isa = PBXFileReference; lastKnownFileType = folder.assetcatalog; path = Images.xcassets; sourceTree = "<group>"; };
		8E837D361B5F45F200A076CC /* Base */ = {isa = PBXFileReference; lastKnownFileType = file.xib; name = Base; path = Base.lproj/LaunchScreen.xib; sourceTree = "<group>"; };
		8E837D3C1B5F45F200A076CC /* OryxTests.xctest */ = {isa = PBXFileReference; explicitFileType = wrapper.cfbundle; includeInIndex = 0; path = OryxTests.xctest; sourceTree = BUILT_PRODUCTS_DIR; };
		8E837D411B5F45F200A076CC /* Info.plist */ = {isa = PBXFileReference; lastKnownFileType = text.plist.xml; path = Info.plist; sourceTree = "<group>"; };
		8E837D421B5F45F200A076CC /* OryxTests.swift */ = {isa = PBXFileReference; lastKnownFileType = sourcecode.swift; path = OryxTests.swift; sourceTree = "<group>"; };
		8E837D4C1B5F465500A076CC /* FeedViewController.swift */ = {isa = PBXFileReference; fileEncoding = 4; lastKnownFileType = sourcecode.swift; path = FeedViewController.swift; sourceTree = "<group>"; };
		8E837D4E1B5F4A2600A076CC /* FeedTableViewCell.swift */ = {isa = PBXFileReference; fileEncoding = 4; lastKnownFileType = sourcecode.swift; path = FeedTableViewCell.swift; sourceTree = "<group>"; };
		8E837D501B5F5C8C00A076CC /* EventModel.swift */ = {isa = PBXFileReference; fileEncoding = 4; lastKnownFileType = sourcecode.swift; path = EventModel.swift; sourceTree = "<group>"; };
		8E837D521B5F658D00A076CC /* EventDetailViewController.swift */ = {isa = PBXFileReference; fileEncoding = 4; lastKnownFileType = sourcecode.swift; path = EventDetailViewController.swift; sourceTree = "<group>"; };
/* End PBXFileReference section */

/* Begin PBXFrameworksBuildPhase section */
		8E837D211B5F45F200A076CC /* Frameworks */ = {
			isa = PBXFrameworksBuildPhase;
			buildActionMask = 2147483647;
			files = (
			);
			runOnlyForDeploymentPostprocessing = 0;
		};
		8E837D391B5F45F200A076CC /* Frameworks */ = {
			isa = PBXFrameworksBuildPhase;
			buildActionMask = 2147483647;
			files = (
			);
			runOnlyForDeploymentPostprocessing = 0;
		};
/* End PBXFrameworksBuildPhase section */

/* Begin PBXGroup section */
		8E837D1B1B5F45F200A076CC = {
			isa = PBXGroup;
			children = (
				8E837D261B5F45F200A076CC /* Oryx */,
				8E837D3F1B5F45F200A076CC /* OryxTests */,
				8E837D251B5F45F200A076CC /* Products */,
			);
			sourceTree = "<group>";
		};
		8E837D251B5F45F200A076CC /* Products */ = {
			isa = PBXGroup;
			children = (
				8E837D241B5F45F200A076CC /* Oryx.app */,
				8E837D3C1B5F45F200A076CC /* OryxTests.xctest */,
			);
			name = Products;
			sourceTree = "<group>";
		};
		8E837D261B5F45F200A076CC /* Oryx */ = {
			isa = PBXGroup;
			children = (
				8E837D291B5F45F200A076CC /* AppDelegate.swift */,
				8E837D4C1B5F465500A076CC /* FeedViewController.swift */,
				8E837D4E1B5F4A2600A076CC /* FeedTableViewCell.swift */,
				8E837D301B5F45F200A076CC /* Main.storyboard */,
				8E837D521B5F658D00A076CC /* EventDetailViewController.swift */,
				8E837D501B5F5C8C00A076CC /* EventModel.swift */,
				8E837D331B5F45F200A076CC /* Images.xcassets */,
				8E837D351B5F45F200A076CC /* LaunchScreen.xib */,
				8E837D2B1B5F45F200A076CC /* Oryx.xcdatamodeld */,
				8E837D271B5F45F200A076CC /* Supporting Files */,
			);
			path = Oryx;
			sourceTree = "<group>";
		};
		8E837D271B5F45F200A076CC /* Supporting Files */ = {
			isa = PBXGroup;
			children = (
				8E837D281B5F45F200A076CC /* Info.plist */,
			);
			name = "Supporting Files";
			sourceTree = "<group>";
		};
		8E837D3F1B5F45F200A076CC /* OryxTests */ = {
			isa = PBXGroup;
			children = (
				8E837D421B5F45F200A076CC /* OryxTests.swift */,
				8E837D401B5F45F200A076CC /* Supporting Files */,
			);
			path = OryxTests;
			sourceTree = "<group>";
		};
		8E837D401B5F45F200A076CC /* Supporting Files */ = {
			isa = PBXGroup;
			children = (
				8E837D411B5F45F200A076CC /* Info.plist */,
			);
			name = "Supporting Files";
			sourceTree = "<group>";
		};
/* End PBXGroup section */

/* Begin PBXNativeTarget section */
		8E837D231B5F45F200A076CC /* Oryx */ = {
			isa = PBXNativeTarget;
			buildConfigurationList = 8E837D461B5F45F200A076CC /* Build configuration list for PBXNativeTarget "Oryx" */;
			buildPhases = (
				8E837D201B5F45F200A076CC /* Sources */,
				8E837D211B5F45F200A076CC /* Frameworks */,
				8E837D221B5F45F200A076CC /* Resources */,
			);
			buildRules = (
			);
			dependencies = (
			);
			name = Oryx;
			productName = Oryx;
			productReference = 8E837D241B5F45F200A076CC /* Oryx.app */;
			productType = "com.apple.product-type.application";
		};
		8E837D3B1B5F45F200A076CC /* OryxTests */ = {
			isa = PBXNativeTarget;
			buildConfigurationList = 8E837D491B5F45F200A076CC /* Build configuration list for PBXNativeTarget "OryxTests" */;
			buildPhases = (
				8E837D381B5F45F200A076CC /* Sources */,
				8E837D391B5F45F200A076CC /* Frameworks */,
				8E837D3A1B5F45F200A076CC /* Resources */,
			);
			buildRules = (
			);
			dependencies = (
				8E837D3E1B5F45F200A076CC /* PBXTargetDependency */,
			);
			name = OryxTests;
			productName = OryxTests;
			productReference = 8E837D3C1B5F45F200A076CC /* OryxTests.xctest */;
			productType = "com.apple.product-type.bundle.unit-test";
		};
/* End PBXNativeTarget section */

/* Begin PBXProject section */
		8E837D1C1B5F45F200A076CC /* Project object */ = {
			isa = PBXProject;
			attributes = {
				LastUpgradeCheck = 0610;
				ORGANIZATIONNAME = Oryx;
				TargetAttributes = {
					8E837D231B5F45F200A076CC = {
						CreatedOnToolsVersion = 6.1.1;
					};
					8E837D3B1B5F45F200A076CC = {
						CreatedOnToolsVersion = 6.1.1;
						TestTargetID = 8E837D231B5F45F200A076CC;
					};
				};
			};
			buildConfigurationList = 8E837D1F1B5F45F200A076CC /* Build configuration list for PBXProject "Oryx" */;
			compatibilityVersion = "Xcode 3.2";
			developmentRegion = English;
			hasScannedForEncodings = 0;
			knownRegions = (
				en,
				Base,
			);
			mainGroup = 8E837D1B1B5F45F200A076CC;
			productRefGroup = 8E837D251B5F45F200A076CC /* Products */;
			projectDirPath = "";
			projectRoot = "";
			targets = (
				8E837D231B5F45F200A076CC /* Oryx */,
				8E837D3B1B5F45F200A076CC /* OryxTests */,
			);
		};
/* End PBXProject section */

/* Begin PBXResourcesBuildPhase section */
		8E837D221B5F45F200A076CC /* Resources */ = {
			isa = PBXResourcesBuildPhase;
			buildActionMask = 2147483647;
			files = (
				8E837D321B5F45F200A076CC /* Main.storyboard in Resources */,
				8E837D371B5F45F200A076CC /* LaunchScreen.xib in Resources */,
				8E837D341B5F45F200A076CC /* Images.xcassets in Resources */,
			);
			runOnlyForDeploymentPostprocessing = 0;
		};
		8E837D3A1B5F45F200A076CC /* Resources */ = {
			isa = PBXResourcesBuildPhase;
			buildActionMask = 2147483647;
			files = (
			);
			runOnlyForDeploymentPostprocessing = 0;
		};
/* End PBXResourcesBuildPhase section */

/* Begin PBXSourcesBuildPhase section */
		8E837D201B5F45F200A076CC /* Sources */ = {
			isa = PBXSourcesBuildPhase;
			buildActionMask = 2147483647;
			files = (
				8E837D531B5F658D00A076CC /* EventDetailViewController.swift in Sources */,
				8E837D2A1B5F45F200A076CC /* AppDelegate.swift in Sources */,
				8E837D4F1B5F4A2600A076CC /* FeedTableViewCell.swift in Sources */,
				8E837D4D1B5F465500A076CC /* FeedViewController.swift in Sources */,
				8E837D511B5F5C8C00A076CC /* EventModel.swift in Sources */,
				8E837D2D1B5F45F200A076CC /* Oryx.xcdatamodeld in Sources */,
			);
			runOnlyForDeploymentPostprocessing = 0;
		};
		8E837D381B5F45F200A076CC /* Sources */ = {
			isa = PBXSourcesBuildPhase;
			buildActionMask = 2147483647;
			files = (
				8E837D431B5F45F200A076CC /* OryxTests.swift in Sources */,
			);
			runOnlyForDeploymentPostprocessing = 0;
		};
/* End PBXSourcesBuildPhase section */

/* Begin PBXTargetDependency section */
		8E837D3E1B5F45F200A076CC /* PBXTargetDependency */ = {
			isa = PBXTargetDependency;
			target = 8E837D231B5F45F200A076CC /* Oryx */;
			targetProxy = 8E837D3D1B5F45F200A076CC /* PBXContainerItemProxy */;
		};
/* End PBXTargetDependency section */

/* Begin PBXVariantGroup section */
		8E837D301B5F45F200A076CC /* Main.storyboard */ = {
			isa = PBXVariantGroup;
			children = (
				8E837D311B5F45F200A076CC /* Base */,
			);
			name = Main.storyboard;
			sourceTree = "<group>";
		};
		8E837D351B5F45F200A076CC /* LaunchScreen.xib */ = {
			isa = PBXVariantGroup;
			children = (
				8E837D361B5F45F200A076CC /* Base */,
			);
			name = LaunchScreen.xib;
			sourceTree = "<group>";
		};
/* End PBXVariantGroup section */

/* Begin XCBuildConfiguration section */
		8E837D441B5F45F200A076CC /* Debug */ = {
			isa = XCBuildConfiguration;
			buildSettings = {
				ALWAYS_SEARCH_USER_PATHS = NO;
				CLANG_CXX_LANGUAGE_STANDARD = "gnu++0x";
				CLANG_CXX_LIBRARY = "libc++";
				CLANG_ENABLE_MODULES = YES;
				CLANG_ENABLE_OBJC_ARC = YES;
				CLANG_WARN_BOOL_CONVERSION = YES;
				CLANG_WARN_CONSTANT_CONVERSION = YES;
				CLANG_WARN_DIRECT_OBJC_ISA_USAGE = YES_ERROR;
				CLANG_WARN_EMPTY_BODY = YES;
				CLANG_WARN_ENUM_CONVERSION = YES;
				CLANG_WARN_INT_CONVERSION = YES;
				CLANG_WARN_OBJC_ROOT_CLASS = YES_ERROR;
				CLANG_WARN_UNREACHABLE_CODE = YES;
				CLANG_WARN__DUPLICATE_METHOD_MATCH = YES;
				"CODE_SIGN_IDENTITY[sdk=iphoneos*]" = "iPhone Developer";
				COPY_PHASE_STRIP = NO;
				ENABLE_STRICT_OBJC_MSGSEND = YES;
				GCC_C_LANGUAGE_STANDARD = gnu99;
				GCC_DYNAMIC_NO_PIC = NO;
				GCC_OPTIMIZATION_LEVEL = 0;
				GCC_PREPROCESSOR_DEFINITIONS = (
					"DEBUG=1",
					"$(inherited)",
				);
				GCC_SYMBOLS_PRIVATE_EXTERN = NO;
				GCC_WARN_64_TO_32_BIT_CONVERSION = YES;
				GCC_WARN_ABOUT_RETURN_TYPE = YES_ERROR;
				GCC_WARN_UNDECLARED_SELECTOR = YES;
				GCC_WARN_UNINITIALIZED_AUTOS = YES_AGGRESSIVE;
				GCC_WARN_UNUSED_FUNCTION = YES;
				GCC_WARN_UNUSED_VARIABLE = YES;
				IPHONEOS_DEPLOYMENT_TARGET = 8.1;
				MTL_ENABLE_DEBUG_INFO = YES;
				ONLY_ACTIVE_ARCH = YES;
				SDKROOT = iphoneos;
				SWIFT_OPTIMIZATION_LEVEL = "-Onone";
				TARGETED_DEVICE_FAMILY = "1,2";
			};
			name = Debug;
		};
		8E837D451B5F45F200A076CC /* Release */ = {
			isa = XCBuildConfiguration;
			buildSettings = {
				ALWAYS_SEARCH_USER_PATHS = NO;
				CLANG_CXX_LANGUAGE_STANDARD = "gnu++0x";
				CLANG_CXX_LIBRARY = "libc++";
				CLANG_ENABLE_MODULES = YES;
				CLANG_ENABLE_OBJC_ARC = YES;
				CLANG_WARN_BOOL_CONVERSION = YES;
				CLANG_WARN_CONSTANT_CONVERSION = YES;
				CLANG_WARN_DIRECT_OBJC_ISA_USAGE = YES_ERROR;
				CLANG_WARN_EMPTY_BODY = YES;
				CLANG_WARN_ENUM_CONVERSION = YES;
				CLANG_WARN_INT_CONVERSION = YES;
				CLANG_WARN_OBJC_ROOT_CLASS = YES_ERROR;
				CLANG_WARN_UNREACHABLE_CODE = YES;
				CLANG_WARN__DUPLICATE_METHOD_MATCH = YES;
				"CODE_SIGN_IDENTITY[sdk=iphoneos*]" = "iPhone Developer";
				COPY_PHASE_STRIP = YES;
				ENABLE_NS_ASSERTIONS = NO;
				ENABLE_STRICT_OBJC_MSGSEND = YES;
				GCC_C_LANGUAGE_STANDARD = gnu99;
				GCC_WARN_64_TO_32_BIT_CONVERSION = YES;
				GCC_WARN_ABOUT_RETURN_TYPE = YES_ERROR;
				GCC_WARN_UNDECLARED_SELECTOR = YES;
				GCC_WARN_UNINITIALIZED_AUTOS = YES_AGGRESSIVE;
				GCC_WARN_UNUSED_FUNCTION = YES;
				GCC_WARN_UNUSED_VARIABLE = YES;
				IPHONEOS_DEPLOYMENT_TARGET = 8.1;
				MTL_ENABLE_DEBUG_INFO = NO;
				SDKROOT = iphoneos;
				TARGETED_DEVICE_FAMILY = "1,2";
				VALIDATE_PRODUCT = YES;
			};
			name = Release;
		};
		8E837D471B5F45F200A076CC /* Debug */ = {
			isa = XCBuildConfiguration;
			buildSettings = {
				ASSETCATALOG_COMPILER_APPICON_NAME = AppIcon;
				INFOPLIST_FILE = Oryx/Info.plist;
				LD_RUNPATH_SEARCH_PATHS = "$(inherited) @executable_path/Frameworks";
				PRODUCT_NAME = "$(TARGET_NAME)";
			};
			name = Debug;
		};
		8E837D481B5F45F200A076CC /* Release */ = {
			isa = XCBuildConfiguration;
			buildSettings = {
				ASSETCATALOG_COMPILER_APPICON_NAME = AppIcon;
				INFOPLIST_FILE = Oryx/Info.plist;
				LD_RUNPATH_SEARCH_PATHS = "$(inherited) @executable_path/Frameworks";
				PRODUCT_NAME = "$(TARGET_NAME)";
			};
			name = Release;
		};
		8E837D4A1B5F45F200A076CC /* Debug */ = {
			isa = XCBuildConfiguration;
			buildSettings = {
				BUNDLE_LOADER = "$(TEST_HOST)";
				FRAMEWORK_SEARCH_PATHS = (
					"$(SDKROOT)/Developer/Library/Frameworks",
					"$(inherited)",
				);
				GCC_PREPROCESSOR_DEFINITIONS = (
					"DEBUG=1",
					"$(inherited)",
				);
				INFOPLIST_FILE = OryxTests/Info.plist;
				LD_RUNPATH_SEARCH_PATHS = "$(inherited) @executable_path/Frameworks @loader_path/Frameworks";
				PRODUCT_NAME = "$(TARGET_NAME)";
				TEST_HOST = "$(BUILT_PRODUCTS_DIR)/Oryx.app/Oryx";
			};
			name = Debug;
		};
		8E837D4B1B5F45F200A076CC /* Release */ = {
			isa = XCBuildConfiguration;
			buildSettings = {
				BUNDLE_LOADER = "$(TEST_HOST)";
				FRAMEWORK_SEARCH_PATHS = (
					"$(SDKROOT)/Developer/Library/Frameworks",
					"$(inherited)",
				);
				INFOPLIST_FILE = OryxTests/Info.plist;
				LD_RUNPATH_SEARCH_PATHS = "$(inherited) @executable_path/Frameworks @loader_path/Frameworks";
				PRODUCT_NAME = "$(TARGET_NAME)";
				TEST_HOST = "$(BUILT_PRODUCTS_DIR)/Oryx.app/Oryx";
			};
			name = Release;
		};
/* End XCBuildConfiguration section */

/* Begin XCConfigurationList section */
		8E837D1F1B5F45F200A076CC /* Build configuration list for PBXProject "Oryx" */ = {
			isa = XCConfigurationList;
			buildConfigurations = (
				8E837D441B5F45F200A076CC /* Debug */,
				8E837D451B5F45F200A076CC /* Release */,
			);
			defaultConfigurationIsVisible = 0;
			defaultConfigurationName = Release;
		};
		8E837D461B5F45F200A076CC /* Build configuration list for PBXNativeTarget "Oryx" */ = {
			isa = XCConfigurationList;
			buildConfigurations = (
				8E837D471B5F45F200A076CC /* Debug */,
				8E837D481B5F45F200A076CC /* Release */,
			);
			defaultConfigurationIsVisible = 0;
		};
		8E837D491B5F45F200A076CC /* Build configuration list for PBXNativeTarget "OryxTests" */ = {
			isa = XCConfigurationList;
			buildConfigurations = (
				8E837D4A1B5F45F200A076CC /* Debug */,
				8E837D4B1B5F45F200A076CC /* Release */,
			);
			defaultConfigurationIsVisible = 0;
		};
/* End XCConfigurationList section */

/* Begin XCVersionGroup section */
		8E837D2B1B5F45F200A076CC /* Oryx.xcdatamodeld */ = {
			isa = XCVersionGroup;
			children = (
				8E837D2C1B5F45F200A076CC /* Oryx.xcdatamodel */,
			);
			currentVersion = 8E837D2C1B5F45F200A076CC /* Oryx.xcdatamodel */;
			path = Oryx.xcdatamodeld;
			sourceTree = "<group>";
			versionGroupType = wrapper.xcdatamodel;
		};
/* End XCVersionGroup section */
	};
	rootObject = 8E837D1C1B5F45F200A076CC /* Project object */;
}
